
Microsoft Visual Studio Solution File, Format Version 12.00
# Visual Studio Version 16
VisualStudioVersion = 16.0.30523.141
MinimumVisualStudioVersion = 10.0.40219.1
Project("{8BC9CEB8-8B4A-11D0-8D11-00A0C91BC942}") = "Excercise05", "Excercise05\Excercise05.vcxproj", "{ACB5E770-E2D4-49F9-828D-E6776A089689}"
EndProject
Global
	GlobalSection(SolutionConfigurationPlatforms) = preSolution
		Debug|x64 = Debug|x64
		Debug|x86 = Debug|x86
		Release|x64 = Release|x64
		Release|x86 = Release|x86
	EndGlobalSection
	GlobalSection(ProjectConfigurationPlatforms) = postSolution
		{ACB5E770-E2D4-49F9-828D-E6776A089689}.Debug|x64.ActiveCfg = Debug|x64
		{ACB5E770-E2D4-49F9-828D-E6776A089689}.Debug|x64.Build.0 = Debug|x64
		{ACB5E770-E2D4-49F9-828D-E6776A089689}.Debug|x86.ActiveCfg = Debug|Win32
		{ACB5E770-E2D4-49F9-828D-E6776A089689}.Debug|x86.Build.0 = Debug|Win32
		{ACB5E770-E2D4-49F9-828D-E6776A089689}.Release|x64.ActiveCfg = Release|x64
		{ACB5E770-E2D4-49F9-828D-E6776A089689}.Release|x64.Build.0 = Release|x64
		{ACB5E770-E2D4-49F9-828D-E6776A089689}.Release|x86.ActiveCfg = Release|Win32
		{ACB5E770-E2D4-49F9-828D-E6776A089689}.Release|x86.Build.0 = Release|Win32
	EndGlobalSection
	GlobalSection(SolutionProperties) = preSolution
		HideSolutionNode = FALSE
	EndGlobalSection
	GlobalSection(ExtensibilityGlobals) = postSolution
		SolutionGuid = {CFB49B0E-A052-4B21-A192-63DC501CBFA6}
	EndGlobalSection
EndGlobal
